
Microsoft Visual Studio Solution File, Format Version 12.00
# Visual Studio Version 16
VisualStudioVersion = 16.0.31313.79
MinimumVisualStudioVersion = 10.0.40219.1
Project("{FAE04EC0-301F-11D3-BF4B-00C04F79EFBC}") = "BookingSystem", "BookingSystem\BookingSystem.csproj", "{A3985684-18F6-4C0E-9E4E-637C34716AB5}"
EndProject
Project("{FAE04EC0-301F-11D3-BF4B-00C04F79EFBC}") = "BookingSystemUnitTest", "BookingSystemUnitTest\BookingSystemUnitTest.csproj", "{60F8BA3E-6E27-4BFD-A0BA-E993C4747383}"
EndProject
Global
	GlobalSection(SolutionConfigurationPlatforms) = preSolution
		Debug|Any CPU = Debug|Any CPU
		Release|Any CPU = Release|Any CPU
	EndGlobalSection
	GlobalSection(ProjectConfigurationPlatforms) = postSolution
		{A3985684-18F6-4C0E-9E4E-637C34716AB5}.Debug|Any CPU.ActiveCfg = Debug|Any CPU
		{A3985684-18F6-4C0E-9E4E-637C34716AB5}.Debug|Any CPU.Build.0 = Debug|Any CPU
		{A3985684-18F6-4C0E-9E4E-637C34716AB5}.Release|Any CPU.ActiveCfg = Release|Any CPU
		{A3985684-18F6-4C0E-9E4E-637C34716AB5}.Release|Any CPU.Build.0 = Release|Any CPU
		{60F8BA3E-6E27-4BFD-A0BA-E993C4747383}.Debug|Any CPU.ActiveCfg = Debug|Any CPU
		{60F8BA3E-6E27-4BFD-A0BA-E993C4747383}.Debug|Any CPU.Build.0 = Debug|Any CPU
		{60F8BA3E-6E27-4BFD-A0BA-E993C4747383}.Release|Any CPU.ActiveCfg = Release|Any CPU
		{60F8BA3E-6E27-4BFD-A0BA-E993C4747383}.Release|Any CPU.Build.0 = Release|Any CPU
	EndGlobalSection
	GlobalSection(SolutionProperties) = preSolution
		HideSolutionNode = FALSE
	EndGlobalSection
	GlobalSection(ExtensibilityGlobals) = postSolution
		SolutionGuid = {1E8728C6-2924-4420-A3D3-F1E0C4F70055}
	EndGlobalSection
EndGlobal
